
Microsoft Visual Studio Solution File, Format Version 11.00
# Visual Studio 2010
Project("{FAE04EC0-301F-11D3-BF4B-00C04F79EFBC}") = "prjModuloII", "prjModuloII\prjModuloII.csproj", "{DC489311-3BEF-4873-AF79-E9535CA76062}"
EndProject
Global
	GlobalSection(SolutionConfigurationPlatforms) = preSolution
		Debug|x86 = Debug|x86
		Release|x86 = Release|x86
	EndGlobalSection
	GlobalSection(ProjectConfigurationPlatforms) = postSolution
		{DC489311-3BEF-4873-AF79-E9535CA76062}.Debug|x86.ActiveCfg = Debug|x86
		{DC489311-3BEF-4873-AF79-E9535CA76062}.Debug|x86.Build.0 = Debug|x86
		{DC489311-3BEF-4873-AF79-E9535CA76062}.Release|x86.ActiveCfg = Release|x86
		{DC489311-3BEF-4873-AF79-E9535CA76062}.Release|x86.Build.0 = Release|x86
	EndGlobalSection
	GlobalSection(SolutionProperties) = preSolution
		HideSolutionNode = FALSE
	EndGlobalSection
EndGlobal
